# This file is autogenerated, do not edit; changes may be undone by the next 'dep ensure'.


[[projects]]
  branch = "master"
  name = "github.com/benlaurie/objecthash"
  packages = ["go/objecthash"]
  revision = "d1e3d6079fc16f8f542183fb5b2fdc11d9f00866"

[[projects]]
  name = "github.com/golang/protobuf"
  packages = [
    "proto",
    "ptypes/any",
    "ptypes/duration",
    "ptypes/struct",
    "ptypes/timestamp",
    "ptypes/wrappers"
  ]
  revision = "b4deda0973fb4c70b50d226b1af49f3da59f5265"
  version = "v1.1.0"

[solve-meta]
  analyzer-name = "dep"
  analyzer-version = 1
  inputs-digest = "11ab4a98b6a7f43482424e97e787c5aa6c49e8140e0f8b4345338fc2e8ff7921"
  solver-name = "gps-cdcl"
  solver-version = 1
